// !$*UTF8*$!
{
	archiveVersion = 1;
	classes = {
	};
	objectVersion = 46;
	objects = {

/* Begin PBXBuildFile section */
		7B31D5BB1F94B5700032EF86 /* AppDelegate.swift in Sources */ = {isa = PBXBuildFile; fileRef = 7B31D5BA1F94B5700032EF86 /* AppDelegate.swift */; };
		7B31D5BD1F94B5700032EF86 /* ViewController.swift in Sources */ = {isa = PBXBuildFile; fileRef = 7B31D5BC1F94B5700032EF86 /* ViewController.swift */; };
		7B31D5C01F94B5700032EF86 /* Main.storyboard in Resources */ = {isa = PBXBuildFile; fileRef = 7B31D5BE1F94B5700032EF86 /* Main.storyboard */; };
		7B31D5C21F94B5700032EF86 /* Assets.xcassets in Resources */ = {isa = PBXBuildFile; fileRef = 7B31D5C11F94B5700032EF86 /* Assets.xcassets */; };
		7B31D5C51F94B5700032EF86 /* LaunchScreen.storyboard in Resources */ = {isa = PBXBuildFile; fileRef = 7B31D5C31F94B5700032EF86 /* LaunchScreen.storyboard */; };
		7B31D5CD1F94B93D0032EF86 /* CustomTableViewCell.swift in Sources */ = {isa = PBXBuildFile; fileRef = 7B31D5CC1F94B93D0032EF86 /* CustomTableViewCell.swift */; };
		7B31D5CF1F94BB580032EF86 /* Movie.swift in Sources */ = {isa = PBXBuildFile; fileRef = 7B31D5CE1F94BB580032EF86 /* Movie.swift */; };
		7B4C8DBA1F94E0ED0050A1E9 /* SearchViewController.swift in Sources */ = {isa = PBXBuildFile; fileRef = 7B4C8DB91F94E0ED0050A1E9 /* SearchViewController.swift */; };
/* End PBXBuildFile section */

/* Begin PBXFileReference section */
		7B31D5B71F94B5700032EF86 /* favourite-movies-app.app */ = {isa = PBXFileReference; explicitFileType = wrapper.application; includeInIndex = 0; path = "favourite-movies-app.app"; sourceTree = BUILT_PRODUCTS_DIR; };
		7B31D5BA1F94B5700032EF86 /* AppDelegate.swift */ = {isa = PBXFileReference; lastKnownFileType = sourcecode.swift; path = AppDelegate.swift; sourceTree = "<group>"; };
		7B31D5BC1F94B5700032EF86 /* ViewController.swift */ = {isa = PBXFileReference; lastKnownFileType = sourcecode.swift; path = ViewController.swift; sourceTree = "<group>"; };
		7B31D5BF1F94B5700032EF86 /* Base */ = {isa = PBXFileReference; lastKnownFileType = file.storyboard; name = Base; path = Base.lproj/Main.storyboard; sourceTree = "<group>"; };
		7B31D5C11F94B5700032EF86 /* Assets.xcassets */ = {isa = PBXFileReference; lastKnownFileType = folder.assetcatalog; path = Assets.xcassets; sourceTree = "<group>"; };
		7B31D5C41F94B5700032EF86 /* Base */ = {isa = PBXFileReference; lastKnownFileType = file.storyboard; name = Base; path = Base.lproj/LaunchScreen.storyboard; sourceTree = "<group>"; };
		7B31D5C61F94B5700032EF86 /* Info.plist */ = {isa = PBXFileReference; lastKnownFileType = text.plist.xml; path = Info.plist; sourceTree = "<group>"; };
		7B31D5CC1F94B93D0032EF86 /* CustomTableViewCell.swift */ = {isa = PBXFileReference; fileEncoding = 4; lastKnownFileType = sourcecode.swift; path = CustomTableViewCell.swift; sourceTree = "<group>"; };
		7B31D5CE1F94BB580032EF86 /* Movie.swift */ = {isa = PBXFileReference; fileEncoding = 4; lastKnownFileType = sourcecode.swift; path = Movie.swift; sourceTree = "<group>"; };
		7B4C8DB91F94E0ED0050A1E9 /* SearchViewController.swift */ = {isa = PBXFileReference; fileEncoding = 4; lastKnownFileType = sourcecode.swift; path = SearchViewController.swift; sourceTree = "<group>"; };
/* End PBXFileReference section */

/* Begin PBXFrameworksBuildPhase section */
		7B31D5B41F94B5700032EF86 /* Frameworks */ = {
			isa = PBXFrameworksBuildPhase;
			buildActionMask = 2147483647;
			files = (
			);
			runOnlyForDeploymentPostprocessing = 0;
		};
/* End PBXFrameworksBuildPhase section */

/* Begin PBXGroup section */
		7B31D5AE1F94B5700032EF86 = {
			isa = PBXGroup;
			children = (
				7B31D5B91F94B5700032EF86 /* favourite-movies-app */,
				7B31D5B81F94B5700032EF86 /* Products */,
			);
			sourceTree = "<group>";
		};
		7B31D5B81F94B5700032EF86 /* Products */ = {
			isa = PBXGroup;
			children = (
				7B31D5B71F94B5700032EF86 /* favourite-movies-app.app */,
			);
			name = Products;
			sourceTree = "<group>";
		};
		7B31D5B91F94B5700032EF86 /* favourite-movies-app */ = {
			isa = PBXGroup;
			children = (
				7B31D5BA1F94B5700032EF86 /* AppDelegate.swift */,
				7B31D5BC1F94B5700032EF86 /* ViewController.swift */,
				7B31D5BE1F94B5700032EF86 /* Main.storyboard */,
				7B31D5C11F94B5700032EF86 /* Assets.xcassets */,
				7B31D5C31F94B5700032EF86 /* LaunchScreen.storyboard */,
				7B31D5C61F94B5700032EF86 /* Info.plist */,
				7B31D5CC1F94B93D0032EF86 /* CustomTableViewCell.swift */,
				7B31D5CE1F94BB580032EF86 /* Movie.swift */,
				7B4C8DB91F94E0ED0050A1E9 /* SearchViewController.swift */,
			);
			path = "favourite-movies-app";
			sourceTree = "<group>";
		};
/* End PBXGroup section */

/* Begin PBXNativeTarget section */
		7B31D5B61F94B5700032EF86 /* favourite-movies-app */ = {
			isa = PBXNativeTarget;
			buildConfigurationList = 7B31D5C91F94B5700032EF86 /* Build configuration list for PBXNativeTarget "favourite-movies-app" */;
			buildPhases = (
				7B31D5B31F94B5700032EF86 /* Sources */,
				7B31D5B41F94B5700032EF86 /* Frameworks */,
				7B31D5B51F94B5700032EF86 /* Resources */,
			);
			buildRules = (
			);
			dependencies = (
			);
			name = "favourite-movies-app";
			productName = "favourite-movies-app";
			productReference = 7B31D5B71F94B5700032EF86 /* favourite-movies-app.app */;
			productType = "com.apple.product-type.application";
		};
/* End PBXNativeTarget section */

/* Begin PBXProject section */
		7B31D5AF1F94B5700032EF86 /* Project object */ = {
			isa = PBXProject;
			attributes = {
				LastSwiftUpdateCheck = 0830;
				LastUpgradeCheck = 0830;
				ORGANIZATIONNAME = localadmin;
				TargetAttributes = {
					7B31D5B61F94B5700032EF86 = {
						CreatedOnToolsVersion = 8.3.3;
						ProvisioningStyle = Automatic;
					};
				};
			};
			buildConfigurationList = 7B31D5B21F94B5700032EF86 /* Build configuration list for PBXProject "favourite-movies-app" */;
			compatibilityVersion = "Xcode 3.2";
			developmentRegion = English;
			hasScannedForEncodings = 0;
			knownRegions = (
				en,
				Base,
			);
			mainGroup = 7B31D5AE1F94B5700032EF86;
			productRefGroup = 7B31D5B81F94B5700032EF86 /* Products */;
			projectDirPath = "";
			projectRoot = "";
			targets = (
				7B31D5B61F94B5700032EF86 /* favourite-movies-app */,
			);
		};
/* End PBXProject section */

/* Begin PBXResourcesBuildPhase section */
		7B31D5B51F94B5700032EF86 /* Resources */ = {
			isa = PBXResourcesBuildPhase;
			buildActionMask = 2147483647;
			files = (
				7B31D5C51F94B5700032EF86 /* LaunchScreen.storyboard in Resources */,
				7B31D5C21F94B5700032EF86 /* Assets.xcassets in Resources */,
				7B31D5C01F94B5700032EF86 /* Main.storyboard in Resources */,
			);
			runOnlyForDeploymentPostprocessing = 0;
		};
/* End PBXResourcesBuildPhase section */

/* Begin PBXSourcesBuildPhase section */
		7B31D5B31F94B5700032EF86 /* Sources */ = {
			isa = PBXSourcesBuildPhase;
			buildActionMask = 2147483647;
			files = (
				7B4C8DBA1F94E0ED0050A1E9 /* SearchViewController.swift in Sources */,
				7B31D5CD1F94B93D0032EF86 /* CustomTableViewCell.swift in Sources */,
				7B31D5BD1F94B5700032EF86 /* ViewController.swift in Sources */,
				7B31D5CF1F94BB580032EF86 /* Movie.swift in Sources */,
				7B31D5BB1F94B5700032EF86 /* AppDelegate.swift in Sources */,
			);
			runOnlyForDeploymentPostprocessing = 0;
		};
/* End PBXSourcesBuildPhase section */

/* Begin PBXVariantGroup section */
		7B31D5BE1F94B5700032EF86 /* Main.storyboard */ = {
			isa = PBXVariantGroup;
			children = (
				7B31D5BF1F94B5700032EF86 /* Base */,
			);
			name = Main.storyboard;
			sourceTree = "<group>";
		};
		7B31D5C31F94B5700032EF86 /* LaunchScreen.storyboard */ = {
			isa = PBXVariantGroup;
			children = (
				7B31D5C41F94B5700032EF86 /* Base */,
			);
			name = LaunchScreen.storyboard;
			sourceTree = "<group>";
		};
/* End PBXVariantGroup section */

/* Begin XCBuildConfiguration section */
		7B31D5C71F94B5700032EF86 /* Debug */ = {
			isa = XCBuildConfiguration;
			buildSettings = {
				ALWAYS_SEARCH_USER_PATHS = NO;
				CLANG_ANALYZER_NONNULL = YES;
				CLANG_ANALYZER_NUMBER_OBJECT_CONVERSION = YES_AGGRESSIVE;
				CLANG_CXX_LANGUAGE_STANDARD = "gnu++0x";
				CLANG_CXX_LIBRARY = "libc++";
				CLANG_ENABLE_MODULES = YES;
				CLANG_ENABLE_OBJC_ARC = YES;
				CLANG_WARN_BOOL_CONVERSION = YES;
				CLANG_WARN_CONSTANT_CONVERSION = YES;
				CLANG_WARN_DIRECT_OBJC_ISA_USAGE = YES_ERROR;
				CLANG_WARN_DOCUMENTATION_COMMENTS = YES;
				CLANG_WARN_EMPTY_BODY = YES;
				CLANG_WARN_ENUM_CONVERSION = YES;
				CLANG_WARN_INFINITE_RECURSION = YES;
				CLANG_WARN_INT_CONVERSION = YES;
				CLANG_WARN_OBJC_ROOT_CLASS = YES_ERROR;
				CLANG_WARN_SUSPICIOUS_MOVE = YES;
				CLANG_WARN_UNREACHABLE_CODE = YES;
				CLANG_WARN__DUPLICATE_METHOD_MATCH = YES;
				"CODE_SIGN_IDENTITY[sdk=iphoneos*]" = "iPhone Developer";
				COPY_PHASE_STRIP = NO;
				DEBUG_INFORMATION_FORMAT = dwarf;
				ENABLE_STRICT_OBJC_MSGSEND = YES;
				ENABLE_TESTABILITY = YES;
				GCC_C_LANGUAGE_STANDARD = gnu99;
				GCC_DYNAMIC_NO_PIC = NO;
				GCC_NO_COMMON_BLOCKS = YES;
				GCC_OPTIMIZATION_LEVEL = 0;
				GCC_PREPROCESSOR_DEFINITIONS = (
					"DEBUG=1",
					"$(inherited)",
				);
				GCC_WARN_64_TO_32_BIT_CONVERSION = YES;
				GCC_WARN_ABOUT_RETURN_TYPE = YES_ERROR;
				GCC_WARN_UNDECLARED_SELECTOR = YES;
				GCC_WARN_UNINITIALIZED_AUTOS = YES_AGGRESSIVE;
				GCC_WARN_UNUSED_FUNCTION = YES;
				GCC_WARN_UNUSED_VARIABLE = YES;
				IPHONEOS_DEPLOYMENT_TARGET = 10.3;
				MTL_ENABLE_DEBUG_INFO = YES;
				ONLY_ACTIVE_ARCH = YES;
				SDKROOT = iphoneos;
				SWIFT_ACTIVE_COMPILATION_CONDITIONS = DEBUG;
				SWIFT_OPTIMIZATION_LEVEL = "-Onone";
			};
			name = Debug;
		};
		7B31D5C81F94B5700032EF86 /* Release */ = {
			isa = XCBuildConfiguration;
			buildSettings = {
				ALWAYS_SEARCH_USER_PATHS = NO;
				CLANG_ANALYZER_NONNULL = YES;
				CLANG_ANALYZER_NUMBER_OBJECT_CONVERSION = YES_AGGRESSIVE;
				CLANG_CXX_LANGUAGE_STANDARD = "gnu++0x";
				CLANG_CXX_LIBRARY = "libc++";
				CLANG_ENABLE_MODULES = YES;
				CLANG_ENABLE_OBJC_ARC = YES;
				CLANG_WARN_BOOL_CONVERSION = YES;
				CLANG_WARN_CONSTANT_CONVERSION = YES;
				CLANG_WARN_DIRECT_OBJC_ISA_USAGE = YES_ERROR;
				CLANG_WARN_DOCUMENTATION_COMMENTS = YES;
				CLANG_WARN_EMPTY_BODY = YES;
				CLANG_WARN_ENUM_CONVERSION = YES;
				CLANG_WARN_INFINITE_RECURSION = YES;
				CLANG_WARN_INT_CONVERSION = YES;
				CLANG_WARN_OBJC_ROOT_CLASS = YES_ERROR;
				CLANG_WARN_SUSPICIOUS_MOVE = YES;
				CLANG_WARN_UNREACHABLE_CODE = YES;
				CLANG_WARN__DUPLICATE_METHOD_MATCH = YES;
				"CODE_SIGN_IDENTITY[sdk=iphoneos*]" = "iPhone Developer";
				COPY_PHASE_STRIP = NO;
				DEBUG_INFORMATION_FORMAT = "dwarf-with-dsym";
				ENABLE_NS_ASSERTIONS = NO;
				ENABLE_STRICT_OBJC_MSGSEND = YES;
				GCC_C_LANGUAGE_STANDARD = gnu99;
				GCC_NO_COMMON_BLOCKS = YES;
				GCC_WARN_64_TO_32_BIT_CONVERSION = YES;
				GCC_WARN_ABOUT_RETURN_TYPE = YES_ERROR;
				GCC_WARN_UNDECLARED_SELECTOR = YES;
				GCC_WARN_UNINITIALIZED_AUTOS = YES_AGGRESSIVE;
				GCC_WARN_UNUSED_FUNCTION = YES;
				GCC_WARN_UNUSED_VARIABLE = YES;
				IPHONEOS_DEPLOYMENT_TARGET = 10.3;
				MTL_ENABLE_DEBUG_INFO = NO;
				SDKROOT = iphoneos;
				SWIFT_OPTIMIZATION_LEVEL = "-Owholemodule";
				VALIDATE_PRODUCT = YES;
			};
			name = Release;
		};
		7B31D5CA1F94B5700032EF86 /* Debug */ = {
			isa = XCBuildConfiguration;
			buildSettings = {
				ASSETCATALOG_COMPILER_APPICON_NAME = AppIcon;
				INFOPLIST_FILE = "favourite-movies-app/Info.plist";
				LD_RUNPATH_SEARCH_PATHS = "$(inherited) @executable_path/Frameworks";
				PRODUCT_BUNDLE_IDENTIFIER = "com.khegb.favourite-movies-app";
				PRODUCT_NAME = "$(TARGET_NAME)";
				SWIFT_VERSION = 3.0;
			};
			name = Debug;
		};
		7B31D5CB1F94B5700032EF86 /* Release */ = {
			isa = XCBuildConfiguration;
			buildSettings = {
				ASSETCATALOG_COMPILER_APPICON_NAME = AppIcon;
				INFOPLIST_FILE = "favourite-movies-app/Info.plist";
				LD_RUNPATH_SEARCH_PATHS = "$(inherited) @executable_path/Frameworks";
				PRODUCT_BUNDLE_IDENTIFIER = "com.khegb.favourite-movies-app";
				PRODUCT_NAME = "$(TARGET_NAME)";
				SWIFT_VERSION = 3.0;
			};
			name = Release;
		};
/* End XCBuildConfiguration section */

/* Begin XCConfigurationList section */
		7B31D5B21F94B5700032EF86 /* Build configuration list for PBXProject "favourite-movies-app" */ = {
			isa = XCConfigurationList;
			buildConfigurations = (
				7B31D5C71F94B5700032EF86 /* Debug */,
				7B31D5C81F94B5700032EF86 /* Release */,
			);
			defaultConfigurationIsVisible = 0;
			defaultConfigurationName = Release;
		};
		7B31D5C91F94B5700032EF86 /* Build configuration list for PBXNativeTarget "favourite-movies-app" */ = {
			isa = XCConfigurationList;
			buildConfigurations = (
				7B31D5CA1F94B5700032EF86 /* Debug */,
				7B31D5CB1F94B5700032EF86 /* Release */,
			);
			defaultConfigurationIsVisible = 0;
			defaultConfigurationName = Release;
		};
/* End XCConfigurationList section */
	};
	rootObject = 7B31D5AF1F94B5700032EF86 /* Project object */;
}
